
Microsoft Visual Studio Solution File, Format Version 12.00
# Visual Studio 15
Project("{FAE04EC0-301F-11D3-BF4B-00C04F79EFBC}") = "Schwarzer.Lanotalium", "Schwarzer.Lanotalium.csproj", "{C9154FC0-F43F-5B2C-9BD4-20D0F35D0793}"
EndProject
Project("{FAE04EC0-301F-11D3-BF4B-00C04F79EFBC}") = "Schwarzer.Dialogs", "Schwarzer.Dialogs.csproj", "{2C162CA5-70FB-52BB-220A-81A45A38A6DE}"
EndProject
Project("{FAE04EC0-301F-11D3-BF4B-00C04F79EFBC}") = "Assembly-CSharp", "Assembly-CSharp.csproj", "{56E05CD5-6FA1-3871-C80C-AAF001B7C8B9}"
EndProject
Project("{FAE04EC0-301F-11D3-BF4B-00C04F79EFBC}") = "Schwarzer.WebApi", "Schwarzer.WebApi.csproj", "{A1A68F96-AFF5-ECD6-FBD1-C180F18C1A15}"
EndProject
Project("{FAE04EC0-301F-11D3-BF4B-00C04F79EFBC}") = "Schwarzer.Chart", "Schwarzer.Chart.csproj", "{F92BD993-FC7C-8D8A-7477-2B61A4781D0D}"
EndProject
Project("{FAE04EC0-301F-11D3-BF4B-00C04F79EFBC}") = "Schwarzer.Unity", "Schwarzer.Unity.csproj", "{0C96085A-E46E-43FE-0121-688EF271A028}"
EndProject
Project("{FAE04EC0-301F-11D3-BF4B-00C04F79EFBC}") = "Schwarzer.StringReader", "Schwarzer.StringReader.csproj", "{CC6FA96E-EE5B-C94E-392D-55BF45C58468}"
EndProject
Project("{FAE04EC0-301F-11D3-BF4B-00C04F79EFBC}") = "Assembly-CSharp-Editor", "Assembly-CSharp-Editor.csproj", "{5669AE0B-E445-9B8F-5C3B-B6B083DCA2D1}"
EndProject
Global
	GlobalSection(SolutionConfigurationPlatforms) = preSolution
		Debug|Any CPU = Debug|Any CPU
		Release|Any CPU = Release|Any CPU
	EndGlobalSection
	GlobalSection(ProjectConfigurationPlatforms) = postSolution
		{C9154FC0-F43F-5B2C-9BD4-20D0F35D0793}.Debug|Any CPU.ActiveCfg = Debug|Any CPU
		{C9154FC0-F43F-5B2C-9BD4-20D0F35D0793}.Debug|Any CPU.Build.0 = Debug|Any CPU
		{C9154FC0-F43F-5B2C-9BD4-20D0F35D0793}.Release|Any CPU.ActiveCfg = Release|Any CPU
		{C9154FC0-F43F-5B2C-9BD4-20D0F35D0793}.Release|Any CPU.Build.0 = Release|Any CPU
		{2C162CA5-70FB-52BB-220A-81A45A38A6DE}.Debug|Any CPU.ActiveCfg = Debug|Any CPU
		{2C162CA5-70FB-52BB-220A-81A45A38A6DE}.Debug|Any CPU.Build.0 = Debug|Any CPU
		{2C162CA5-70FB-52BB-220A-81A45A38A6DE}.Release|Any CPU.ActiveCfg = Release|Any CPU
		{2C162CA5-70FB-52BB-220A-81A45A38A6DE}.Release|Any CPU.Build.0 = Release|Any CPU
		{56E05CD5-6FA1-3871-C80C-AAF001B7C8B9}.Debug|Any CPU.ActiveCfg = Debug|Any CPU
		{56E05CD5-6FA1-3871-C80C-AAF001B7C8B9}.Debug|Any CPU.Build.0 = Debug|Any CPU
		{56E05CD5-6FA1-3871-C80C-AAF001B7C8B9}.Release|Any CPU.ActiveCfg = Release|Any CPU
		{56E05CD5-6FA1-3871-C80C-AAF001B7C8B9}.Release|Any CPU.Build.0 = Release|Any CPU
		{A1A68F96-AFF5-ECD6-FBD1-C180F18C1A15}.Debug|Any CPU.ActiveCfg = Debug|Any CPU
		{A1A68F96-AFF5-ECD6-FBD1-C180F18C1A15}.Debug|Any CPU.Build.0 = Debug|Any CPU
		{A1A68F96-AFF5-ECD6-FBD1-C180F18C1A15}.Release|Any CPU.ActiveCfg = Release|Any CPU
		{A1A68F96-AFF5-ECD6-FBD1-C180F18C1A15}.Release|Any CPU.Build.0 = Release|Any CPU
		{F92BD993-FC7C-8D8A-7477-2B61A4781D0D}.Debug|Any CPU.ActiveCfg = Debug|Any CPU
		{F92BD993-FC7C-8D8A-7477-2B61A4781D0D}.Debug|Any CPU.Build.0 = Debug|Any CPU
		{F92BD993-FC7C-8D8A-7477-2B61A4781D0D}.Release|Any CPU.ActiveCfg = Release|Any CPU
		{F92BD993-FC7C-8D8A-7477-2B61A4781D0D}.Release|Any CPU.Build.0 = Release|Any CPU
		{0C96085A-E46E-43FE-0121-688EF271A028}.Debug|Any CPU.ActiveCfg = Debug|Any CPU
		{0C96085A-E46E-43FE-0121-688EF271A028}.Debug|Any CPU.Build.0 = Debug|Any CPU
		{0C96085A-E46E-43FE-0121-688EF271A028}.Release|Any CPU.ActiveCfg = Release|Any CPU
		{0C96085A-E46E-43FE-0121-688EF271A028}.Release|Any CPU.Build.0 = Release|Any CPU
		{CC6FA96E-EE5B-C94E-392D-55BF45C58468}.Debug|Any CPU.ActiveCfg = Debug|Any CPU
		{CC6FA96E-EE5B-C94E-392D-55BF45C58468}.Debug|Any CPU.Build.0 = Debug|Any CPU
		{CC6FA96E-EE5B-C94E-392D-55BF45C58468}.Release|Any CPU.ActiveCfg = Release|Any CPU
		{CC6FA96E-EE5B-C94E-392D-55BF45C58468}.Release|Any CPU.Build.0 = Release|Any CPU
		{5669AE0B-E445-9B8F-5C3B-B6B083DCA2D1}.Debug|Any CPU.ActiveCfg = Debug|Any CPU
		{5669AE0B-E445-9B8F-5C3B-B6B083DCA2D1}.Debug|Any CPU.Build.0 = Debug|Any CPU
		{5669AE0B-E445-9B8F-5C3B-B6B083DCA2D1}.Release|Any CPU.ActiveCfg = Release|Any CPU
		{5669AE0B-E445-9B8F-5C3B-B6B083DCA2D1}.Release|Any CPU.Build.0 = Release|Any CPU
	EndGlobalSection
	GlobalSection(SolutionProperties) = preSolution
		HideSolutionNode = FALSE
	EndGlobalSection
EndGlobal
