
Microsoft Visual Studio Solution File, Format Version 12.00
# Visual Studio 2017
Project("{FAE04EC0-301F-11D3-BF4B-00C04F79EFBC}") = "Schwarzer.Lanotalium", "Schwarzer.Lanotalium.csproj", "{5C95C291-710A-6922-7D20-C2644597570C}"
EndProject
Project("{FAE04EC0-301F-11D3-BF4B-00C04F79EFBC}") = "Schwarzer.Dialogs", "Schwarzer.Dialogs.csproj", "{FAE7C25A-3B42-2C8C-AEE6-C640A827DDB4}"
EndProject
Project("{FAE04EC0-301F-11D3-BF4B-00C04F79EFBC}") = "Lanotalium", "Lanotalium.csproj", "{F9FB416B-927F-614F-59BD-12E03D898691}"
EndProject
Project("{FAE04EC0-301F-11D3-BF4B-00C04F79EFBC}") = "Schwarzer.WebApi", "Schwarzer.WebApi.csproj", "{ECAECBA1-3EC5-62AB-644B-C606BB4D6731}"
EndProject
Project("{FAE04EC0-301F-11D3-BF4B-00C04F79EFBC}") = "Schwarzer.Chart", "Schwarzer.Chart.csproj", "{9CFBFEE5-30E2-390C-0671-E7343568AFBE}"
EndProject
Project("{FAE04EC0-301F-11D3-BF4B-00C04F79EFBC}") = "Schwarzer.Unity", "Schwarzer.Unity.csproj", "{E7815E92-7ABE-3128-8734-4D409E8AF0EE}"
EndProject
Global
	GlobalSection(SolutionConfigurationPlatforms) = preSolution
		Debug|Any CPU = Debug|Any CPU
		Release|Any CPU = Release|Any CPU
	EndGlobalSection
	GlobalSection(ProjectConfigurationPlatforms) = postSolution
		{5C95C291-710A-6922-7D20-C2644597570C}.Debug|Any CPU.ActiveCfg = Debug|Any CPU
		{5C95C291-710A-6922-7D20-C2644597570C}.Debug|Any CPU.Build.0 = Debug|Any CPU
		{5C95C291-710A-6922-7D20-C2644597570C}.Release|Any CPU.ActiveCfg = Release|Any CPU
		{5C95C291-710A-6922-7D20-C2644597570C}.Release|Any CPU.Build.0 = Release|Any CPU
		{FAE7C25A-3B42-2C8C-AEE6-C640A827DDB4}.Debug|Any CPU.ActiveCfg = Debug|Any CPU
		{FAE7C25A-3B42-2C8C-AEE6-C640A827DDB4}.Debug|Any CPU.Build.0 = Debug|Any CPU
		{FAE7C25A-3B42-2C8C-AEE6-C640A827DDB4}.Release|Any CPU.ActiveCfg = Release|Any CPU
		{FAE7C25A-3B42-2C8C-AEE6-C640A827DDB4}.Release|Any CPU.Build.0 = Release|Any CPU
		{F9FB416B-927F-614F-59BD-12E03D898691}.Debug|Any CPU.ActiveCfg = Debug|Any CPU
		{F9FB416B-927F-614F-59BD-12E03D898691}.Debug|Any CPU.Build.0 = Debug|Any CPU
		{F9FB416B-927F-614F-59BD-12E03D898691}.Release|Any CPU.ActiveCfg = Release|Any CPU
		{F9FB416B-927F-614F-59BD-12E03D898691}.Release|Any CPU.Build.0 = Release|Any CPU
		{ECAECBA1-3EC5-62AB-644B-C606BB4D6731}.Debug|Any CPU.ActiveCfg = Debug|Any CPU
		{ECAECBA1-3EC5-62AB-644B-C606BB4D6731}.Debug|Any CPU.Build.0 = Debug|Any CPU
		{ECAECBA1-3EC5-62AB-644B-C606BB4D6731}.Release|Any CPU.ActiveCfg = Release|Any CPU
		{ECAECBA1-3EC5-62AB-644B-C606BB4D6731}.Release|Any CPU.Build.0 = Release|Any CPU
		{9CFBFEE5-30E2-390C-0671-E7343568AFBE}.Debug|Any CPU.ActiveCfg = Debug|Any CPU
		{9CFBFEE5-30E2-390C-0671-E7343568AFBE}.Debug|Any CPU.Build.0 = Debug|Any CPU
		{9CFBFEE5-30E2-390C-0671-E7343568AFBE}.Release|Any CPU.ActiveCfg = Release|Any CPU
		{9CFBFEE5-30E2-390C-0671-E7343568AFBE}.Release|Any CPU.Build.0 = Release|Any CPU
		{E7815E92-7ABE-3128-8734-4D409E8AF0EE}.Debug|Any CPU.ActiveCfg = Debug|Any CPU
		{E7815E92-7ABE-3128-8734-4D409E8AF0EE}.Debug|Any CPU.Build.0 = Debug|Any CPU
		{E7815E92-7ABE-3128-8734-4D409E8AF0EE}.Release|Any CPU.ActiveCfg = Release|Any CPU
		{E7815E92-7ABE-3128-8734-4D409E8AF0EE}.Release|Any CPU.Build.0 = Release|Any CPU
	EndGlobalSection
	GlobalSection(SolutionProperties) = preSolution
		HideSolutionNode = FALSE
	EndGlobalSection
EndGlobal
